
Microsoft Visual Studio Solution File, Format Version 12.00
# Visual Studio Version 16
VisualStudioVersion = 16.0.31702.278
MinimumVisualStudioVersion = 10.0.40219.1
Project("{9A19103F-16F7-4668-BE54-9A1E7A4F7556}") = "OpenLaMulana", "OpenLaMulana.csproj", "{DCE086B8-A84F-4448-8554-C2FECACA7E8A}"
EndProject
Project("{FAE04EC0-301F-11D3-BF4B-00C04F79EFBC}") = "SharpMikNAudio", "SharpMik\SharpMikNAudio.csproj", "{95FC7357-E061-4611-A674-98D0499DC202}"
EndProject
Global
	GlobalSection(SolutionConfigurationPlatforms) = preSolution
		Debug|Any CPU = Debug|Any CPU
		Release|Any CPU = Release|Any CPU
	EndGlobalSection
	GlobalSection(ProjectConfigurationPlatforms) = postSolution
		{DCE086B8-A84F-4448-8554-C2FECACA7E8A}.Debug|Any CPU.ActiveCfg = Debug|Any CPU
		{DCE086B8-A84F-4448-8554-C2FECACA7E8A}.Debug|Any CPU.Build.0 = Debug|Any CPU
		{DCE086B8-A84F-4448-8554-C2FECACA7E8A}.Release|Any CPU.ActiveCfg = Release|Any CPU
		{DCE086B8-A84F-4448-8554-C2FECACA7E8A}.Release|Any CPU.Build.0 = Release|Any CPU
		{95FC7357-E061-4611-A674-98D0499DC202}.Debug|Any CPU.ActiveCfg = Debug|Any CPU
		{95FC7357-E061-4611-A674-98D0499DC202}.Debug|Any CPU.Build.0 = Debug|Any CPU
		{95FC7357-E061-4611-A674-98D0499DC202}.Release|Any CPU.ActiveCfg = Release|Any CPU
		{95FC7357-E061-4611-A674-98D0499DC202}.Release|Any CPU.Build.0 = Release|Any CPU
	EndGlobalSection
	GlobalSection(SolutionProperties) = preSolution
		HideSolutionNode = FALSE
	EndGlobalSection
	GlobalSection(ExtensibilityGlobals) = postSolution
		SolutionGuid = {C5D8374A-0571-4D53-845F-C4EB49D799EE}
	EndGlobalSection
EndGlobal
