
Microsoft Visual Studio Solution File, Format Version 12.00
# Visual Studio Version 17
VisualStudioVersion = 17.4.33103.184
MinimumVisualStudioVersion = 10.0.40219.1
Project("{9A19103F-16F7-4668-BE54-9A1E7A4F7556}") = "OpenLaMulana", "src\OpenLaMulana.csproj", "{CEC9DE83-A09E-47D6-A91C-E4994B515C6F}"
EndProject
Global
	GlobalSection(SolutionConfigurationPlatforms) = preSolution
		Debug|Any CPU = Debug|Any CPU
		Release|Any CPU = Release|Any CPU
	EndGlobalSection
	GlobalSection(ProjectConfigurationPlatforms) = postSolution
		{CEC9DE83-A09E-47D6-A91C-E4994B515C6F}.Debug|Any CPU.ActiveCfg = Debug|Any CPU
		{CEC9DE83-A09E-47D6-A91C-E4994B515C6F}.Debug|Any CPU.Build.0 = Debug|Any CPU
		{CEC9DE83-A09E-47D6-A91C-E4994B515C6F}.Release|Any CPU.ActiveCfg = Release|Any CPU
		{CEC9DE83-A09E-47D6-A91C-E4994B515C6F}.Release|Any CPU.Build.0 = Release|Any CPU
	EndGlobalSection
	GlobalSection(SolutionProperties) = preSolution
		HideSolutionNode = FALSE
	EndGlobalSection
	GlobalSection(ExtensibilityGlobals) = postSolution
		SolutionGuid = {60AB6B53-0FDF-473D-99CF-5195E75EB92A}
	EndGlobalSection
EndGlobal
