
Microsoft Visual Studio Solution File, Format Version 12.00
# Visual Studio Version 16
VisualStudioVersion = 16.0.31702.278
MinimumVisualStudioVersion = 10.0.40219.1
Project("{9A19103F-16F7-4668-BE54-9A1E7A4F7556}") = "OpenLaMulana", "OpenLaMulana.csproj", "{DCE086B8-A84F-4448-8554-C2FECACA7E8A}"
	ProjectSection(ProjectDependencies) = postProject
		{B52A7E62-AADB-4E9A-8261-1BBFB922DC9E} = {B52A7E62-AADB-4E9A-8261-1BBFB922DC9E}
	EndProjectSection
EndProject
Project("{9A19103F-16F7-4668-BE54-9A1E7A4F7556}") = "ChaiFoxes.FMODAudio.Desktop", "ChaiFoxes.FMODAudio\ChaiFoxes.FMODAudio\ChaiFoxes.FMODAudio.Desktop\ChaiFoxes.FMODAudio.Desktop.csproj", "{B52A7E62-AADB-4E9A-8261-1BBFB922DC9E}"
EndProject
Global
	GlobalSection(SharedMSBuildProjectFiles) = preSolution
		ChaiFoxes.FMODAudio\ChaiFoxes.FMODAudio\ChaiFoxes.FMODAudio.Shared\ChaiFoxes.FMODAudio.Shared.projitems*{b52a7e62-aadb-4e9a-8261-1bbfb922dc9e}*SharedItemsImports = 5
	EndGlobalSection
	GlobalSection(SolutionConfigurationPlatforms) = preSolution
		Debug|Any CPU = Debug|Any CPU
		Release|Any CPU = Release|Any CPU
	EndGlobalSection
	GlobalSection(ProjectConfigurationPlatforms) = postSolution
		{DCE086B8-A84F-4448-8554-C2FECACA7E8A}.Debug|Any CPU.ActiveCfg = Debug|Any CPU
		{DCE086B8-A84F-4448-8554-C2FECACA7E8A}.Debug|Any CPU.Build.0 = Debug|Any CPU
		{DCE086B8-A84F-4448-8554-C2FECACA7E8A}.Release|Any CPU.ActiveCfg = Release|Any CPU
		{DCE086B8-A84F-4448-8554-C2FECACA7E8A}.Release|Any CPU.Build.0 = Release|Any CPU
		{B52A7E62-AADB-4E9A-8261-1BBFB922DC9E}.Debug|Any CPU.ActiveCfg = Debug|Any CPU
		{B52A7E62-AADB-4E9A-8261-1BBFB922DC9E}.Debug|Any CPU.Build.0 = Debug|Any CPU
		{B52A7E62-AADB-4E9A-8261-1BBFB922DC9E}.Release|Any CPU.ActiveCfg = Release|Any CPU
		{B52A7E62-AADB-4E9A-8261-1BBFB922DC9E}.Release|Any CPU.Build.0 = Release|Any CPU
	EndGlobalSection
	GlobalSection(SolutionProperties) = preSolution
		HideSolutionNode = FALSE
	EndGlobalSection
	GlobalSection(ExtensibilityGlobals) = postSolution
		SolutionGuid = {C5D8374A-0571-4D53-845F-C4EB49D799EE}
	EndGlobalSection
EndGlobal
